schema: '2.0'
stages:
  load_process_data:
    cmd: python run_pipeline.py --stage load_process_data
    deps:
    - path: data/raw/Acoustic Features.csv
      hash: md5
      md5: faaf0331df63821398fcf7fe59ce11b5
      size: 172389
    - path: turkish_music_emotion/config.py
      hash: md5
      md5: db02e94f7ce11f4cce82e9f00dd62475
      size: 851
    - path: turkish_music_emotion/dataset.py
      hash: md5
      md5: 61021b28491a612cd0252db412e15292
      size: 4634
    params:
      params.yaml:
        data.processed_filename: Acoustic_Features_Processed.csv
        data.raw_filename: Acoustic Features.csv
    outs:
    - path: data/processed/Acoustic_Features_Processed.csv
      hash: md5
      md5: df1340959a5576f53cdcfe532985fa96
      size: 396858
  train_model:
    cmd: python run_pipeline.py --stage train_model
    deps:
    - path: data/processed/Acoustic_Features_Processed.csv
      hash: md5
      md5: df1340959a5576f53cdcfe532985fa96
      size: 396858
    - path: turkish_music_emotion/config.py
      hash: md5
      md5: db02e94f7ce11f4cce82e9f00dd62475
      size: 851
    - path: turkish_music_emotion/dataset.py
      hash: md5
      md5: 61021b28491a612cd0252db412e15292
      size: 4634
    params:
      params.yaml:
        model.output_filename: model.joblib
        model.random_state: 1
        model.test_size: 0.2
    outs:
    - path: models/model.joblib
      hash: md5
      md5: 2e20b6546c293e78deccae319022eedf
      size: 132996
