schema: '2.0'
stages:
  load_process_data:
    cmd: python run_pipeline.py --stage load_process_data
    deps:
    - path: data/raw/Acoustic Features.csv
      hash: md5
      md5: faaf0331df63821398fcf7fe59ce11b5
      size: 172389
    - path: turkish_music_emotion/config.py
      hash: md5
      md5: db02e94f7ce11f4cce82e9f00dd62475
      size: 851
    - path: turkish_music_emotion/dataset.py
      hash: md5
      md5: 61021b28491a612cd0252db412e15292
      size: 4634
    params:
      params.yaml:
        data.processed_filename: Acoustic_Features_Processed.csv
        data.raw_filename: Acoustic Features.csv
    outs:
    - path: data/processed/Acoustic_Features_Processed.csv
      hash: md5
      md5: df1340959a5576f53cdcfe532985fa96
      size: 396858
  train_model:
    cmd: python run_pipeline.py --stage train_model
    deps:
    - path: data/processed/Acoustic_Features_Processed.csv
      hash: md5
      md5: df1340959a5576f53cdcfe532985fa96
      size: 396858
    - path: turkish_music_emotion/config.py
      hash: md5
      md5: db02e94f7ce11f4cce82e9f00dd62475
      size: 851
    - path: turkish_music_emotion/modeling/train.py
      hash: md5
      md5: a8b9837b4ef27b1f5cc16d2563534154
      size: 7809
    params:
      params.yaml:
        model.hyperparameters.knn.n_neighbors: 5
        model.hyperparameters.rf.max_depth: 5
        model.hyperparameters.rf.n_estimators: 50
        model.hyperparameters.svm.C: 1.0
        model.hyperparameters.svm.gamma: scale
        model.hyperparameters.svm.kernel: rbf
        model.le_filename: label_encoder.joblib
        model.output_filename: model.joblib
        model.random_state: 1
        model.split_indices_filename: split_indices.json
        model.test_size: 0.2
        model.type: rf
    outs:
    - path: models/label_encoder.joblib
      hash: md5
      md5: 01d955b2611ea250869edf594daf4eb9
      size: 564
    - path: models/model.joblib
      hash: md5
      md5: 28f818feeef364c8aaa63fb379935d91
      size: 230057
    - path: models/split_indices.json
      hash: md5
      md5: 8df48f40e9f95a3ef3eb5b018ca40ea5
      size: 1927
  predict:
    cmd: python run_pipeline.py --stage predict
    deps:
    - path: data/processed/Acoustic_Features_Processed.csv
      hash: md5
      md5: df1340959a5576f53cdcfe532985fa96
      size: 396858
    - path: models/label_encoder.joblib
      hash: md5
      md5: 01d955b2611ea250869edf594daf4eb9
      size: 564
    - path: models/model.joblib
      hash: md5
      md5: 28f818feeef364c8aaa63fb379935d91
      size: 230057
    - path: models/split_indices.json
      hash: md5
      md5: 8df48f40e9f95a3ef3eb5b018ca40ea5
      size: 1927
    - path: turkish_music_emotion/config.py
      hash: md5
      md5: db02e94f7ce11f4cce82e9f00dd62475
      size: 851
    - path: turkish_music_emotion/modeling/predict.py
      hash: md5
      md5: 776c57fa65c239ffae5eb973ab0840d5
      size: 2159
    params:
      params.yaml:
        data.processed_filename: Acoustic_Features_Processed.csv
        model.le_filename: label_encoder.joblib
        model.output_filename: model.joblib
        model.split_indices_filename: split_indices.json
